
Microsoft Visual Studio Solution File, Format Version 12.00
# Visual Studio 15
VisualStudioVersion = 15.0.28307.329
MinimumVisualStudioVersion = 10.0.40219.1
Project("{FAE04EC0-301F-11D3-BF4B-00C04F79EFBC}") = "SISClothingInventory", "SISClothingInventory\SISClothingInventory.csproj", "{6AE463C4-BC41-4F92-9FA7-B88685971E5D}"
EndProject
Project("{FAE04EC0-301F-11D3-BF4B-00C04F79EFBC}") = "CapaDatos", "CapaDatos\CapaDatos.csproj", "{7AEABAAF-0CEC-42F0-8B89-4D6AB47DF1B1}"
EndProject
Project("{FAE04EC0-301F-11D3-BF4B-00C04F79EFBC}") = "CapaNegocio", "CapaNegocio\CapaNegocio.csproj", "{658A3A6E-4699-414E-BDD8-64A5655E4DBC}"
EndProject
Project("{FAE04EC0-301F-11D3-BF4B-00C04F79EFBC}") = "CapaPresentacion", "CapaPresentacion\CapaPresentacion.csproj", "{D7D9D8BB-192D-422A-ACF0-E33B0A6AC869}"
EndProject
Global
	GlobalSection(SolutionConfigurationPlatforms) = preSolution
		Debug|Any CPU = Debug|Any CPU
		Release|Any CPU = Release|Any CPU
	EndGlobalSection
	GlobalSection(ProjectConfigurationPlatforms) = postSolution
		{6AE463C4-BC41-4F92-9FA7-B88685971E5D}.Debug|Any CPU.ActiveCfg = Debug|Any CPU
		{6AE463C4-BC41-4F92-9FA7-B88685971E5D}.Debug|Any CPU.Build.0 = Debug|Any CPU
		{6AE463C4-BC41-4F92-9FA7-B88685971E5D}.Release|Any CPU.ActiveCfg = Release|Any CPU
		{6AE463C4-BC41-4F92-9FA7-B88685971E5D}.Release|Any CPU.Build.0 = Release|Any CPU
		{7AEABAAF-0CEC-42F0-8B89-4D6AB47DF1B1}.Debug|Any CPU.ActiveCfg = Debug|Any CPU
		{7AEABAAF-0CEC-42F0-8B89-4D6AB47DF1B1}.Debug|Any CPU.Build.0 = Debug|Any CPU
		{7AEABAAF-0CEC-42F0-8B89-4D6AB47DF1B1}.Release|Any CPU.ActiveCfg = Release|Any CPU
		{7AEABAAF-0CEC-42F0-8B89-4D6AB47DF1B1}.Release|Any CPU.Build.0 = Release|Any CPU
		{658A3A6E-4699-414E-BDD8-64A5655E4DBC}.Debug|Any CPU.ActiveCfg = Debug|Any CPU
		{658A3A6E-4699-414E-BDD8-64A5655E4DBC}.Debug|Any CPU.Build.0 = Debug|Any CPU
		{658A3A6E-4699-414E-BDD8-64A5655E4DBC}.Release|Any CPU.ActiveCfg = Release|Any CPU
		{658A3A6E-4699-414E-BDD8-64A5655E4DBC}.Release|Any CPU.Build.0 = Release|Any CPU
		{D7D9D8BB-192D-422A-ACF0-E33B0A6AC869}.Debug|Any CPU.ActiveCfg = Debug|Any CPU
		{D7D9D8BB-192D-422A-ACF0-E33B0A6AC869}.Debug|Any CPU.Build.0 = Debug|Any CPU
		{D7D9D8BB-192D-422A-ACF0-E33B0A6AC869}.Release|Any CPU.ActiveCfg = Release|Any CPU
		{D7D9D8BB-192D-422A-ACF0-E33B0A6AC869}.Release|Any CPU.Build.0 = Release|Any CPU
	EndGlobalSection
	GlobalSection(SolutionProperties) = preSolution
		HideSolutionNode = FALSE
	EndGlobalSection
	GlobalSection(ExtensibilityGlobals) = postSolution
		SolutionGuid = {23194C7A-D087-4DDD-8501-FAEA293ADF05}
	EndGlobalSection
EndGlobal
